{
    "name": "dc-lineage-builder",
    "version": "2.3.1",
    "lockfileVersion": 2,
    "requires": true,
    "packages": {
        "": {
            "name": "dc-lineage-builder",
            "version": "2.3.1",
            "license": "MIT",
            "dependencies": {
                "images": "^3.2.4"
            }
        },
        "node_modules/images": {
            "version": "3.2.4",
            "resolved": "https://registry.npmjs.org/images/-/images-3.2.4.tgz",
            "integrity": "sha512-Uq61/Q8XixCRyKvws7tPwboK0O70Dbr4kMQZHw2dqdEhnU6TpaGwyMg0vzQ4aaGtrO9N3etq46XwF7hxbqp8ug==",
            "hasInstallScript": true
        }
    },
    "dependencies": {
        "images": {
            "version": "3.2.4",
            "resolved": "https://registry.npmjs.org/images/-/images-3.2.4.tgz",
            "integrity": "sha512-Uq61/Q8XixCRyKvws7tPwboK0O70Dbr4kMQZHw2dqdEhnU6TpaGwyMg0vzQ4aaGtrO9N3etq46XwF7hxbqp8ug=="
        }
    }
}
