{
  "name": "dc-lineage-builder-frontend",
  "version": "3.0.0",
  "lockfileVersion": 2,
  "requires": true,
  "packages": {
    "": {
      "name": "dc-lineage-builder-frontend",
      "version": "3.0.0",
      "dependencies": {
        "@fortawesome/fontawesome-svg-core": "^1.2.36",
        "@fortawesome/free-solid-svg-icons": "^5.15.4",
        "@fortawesome/vue-fontawesome": "^3.0.1",
        "axios": "^0.24.0",
        "pinia": "2.0.22",
        "reset-css": "^5.0.1",
        "unique-names-generator": "^4.6.0",
        "vue": "^3.2.37",
        "vue-router": "^4.1.5",
        "vue-virtual-collection": "^1.5.0",
        "vue3-toggle-button": "1.0.3"
      },
      "devDependencies": {
        "@types/node": "^17.0.13",
        "@vitejs/plugin-vue": "^3.1.0",
        "typescript": "^4.6.4",
        "vite": "^3.1.0",
        "vue-tsc": "^0.40.4"
      }
    },
    "node_modules/@babel/parser": {
      "version": "7.19.3",
      "license": "MIT",
      "bin": {
        "parser": "bin/babel-parser.js"
      },
      "engines": {
        "node": ">=6.0.0"
      }
    },
    "node_modules/@fortawesome/fontawesome-common-types": {
      "version": "0.2.36",
      "hasInstallScript": true,
      "license": "MIT",
      "engines": {
        "node": ">=6"
      }
    },
    "node_modules/@fortawesome/fontawesome-svg-core": {
      "version": "1.2.36",
      "hasInstallScript": true,
      "license": "MIT",
      "dependencies": {
        "@fortawesome/fontawesome-common-types": "^0.2.36"
      },
      "engines": {
        "node": ">=6"
      }
    },
    "node_modules/@fortawesome/free-solid-svg-icons": {
      "version": "5.15.4",
      "hasInstallScript": true,
      "license": "(CC-BY-4.0 AND MIT)",
      "dependencies": {
        "@fortawesome/fontawesome-common-types": "^0.2.36"
      },
      "engines": {
        "node": ">=6"
      }
    },
    "node_modules/@fortawesome/vue-fontawesome": {
      "version": "3.0.1",
      "resolved": "https://registry.npmjs.org/@fortawesome/vue-fontawesome/-/vue-fontawesome-3.0.1.tgz",
      "integrity": "sha512-CdXZJoCS+aEPec26ZP7hWWU3SaJlQPZSCGdgpQ2qGl2HUmtUUNrI3zC4XWdn1JUmh3t5OuDeRG1qB4eGRNSD4A==",
      "peerDependencies": {
        "@fortawesome/fontawesome-svg-core": "~1 || ~6",
        "vue": ">= 3.0.0 < 4"
      }
    },
    "node_modules/@jridgewell/gen-mapping": {
      "version": "0.3.2",
      "resolved": "https://registry.npmjs.org/@jridgewell/gen-mapping/-/gen-mapping-0.3.2.tgz",
      "integrity": "sha512-mh65xKQAzI6iBcFzwv28KVWSmCkdRBWoOh+bYQGW3+6OZvbbN3TqMGo5hqYxQniRcH9F2VZIoJCm4pa3BPDK/A==",
      "dependencies": {
        "@jridgewell/set-array": "^1.0.1",
        "@jridgewell/sourcemap-codec": "^1.4.10",
        "@jridgewell/trace-mapping": "^0.3.9"
      },
      "engines": {
        "node": ">=6.0.0"
      }
    },
    "node_modules/@jridgewell/resolve-uri": {
      "version": "3.1.0",
      "resolved": "https://registry.npmjs.org/@jridgewell/resolve-uri/-/resolve-uri-3.1.0.tgz",
      "integrity": "sha512-F2msla3tad+Mfht5cJq7LSXcdudKTWCVYUgw6pLFOOHSTtZlj6SWNYAp+AhuqLmWdBO2X5hPrLcu8cVP8fy28w==",
      "engines": {
        "node": ">=6.0.0"
      }
    },
    "node_modules/@jridgewell/set-array": {
      "version": "1.1.2",
      "resolved": "https://registry.npmjs.org/@jridgewell/set-array/-/set-array-1.1.2.tgz",
      "integrity": "sha512-xnkseuNADM0gt2bs+BvhO0p78Mk762YnZdsuzFV018NoG1Sj1SCQvpSqa7XUaTam5vAGasABV9qXASMKnFMwMw==",
      "engines": {
        "node": ">=6.0.0"
      }
    },
    "node_modules/@jridgewell/source-map": {
      "version": "0.3.2",
      "resolved": "https://registry.npmjs.org/@jridgewell/source-map/-/source-map-0.3.2.tgz",
      "integrity": "sha512-m7O9o2uR8k2ObDysZYzdfhb08VuEml5oWGiosa1VdaPZ/A6QyPkAJuwN0Q1lhULOf6B7MtQmHENS743hWtCrgw==",
      "dependencies": {
        "@jridgewell/gen-mapping": "^0.3.0",
        "@jridgewell/trace-mapping": "^0.3.9"
      }
    },
    "node_modules/@jridgewell/sourcemap-codec": {
      "version": "1.4.14",
      "resolved": "https://registry.npmjs.org/@jridgewell/sourcemap-codec/-/sourcemap-codec-1.4.14.tgz",
      "integrity": "sha512-XPSJHWmi394fuUuzDnGz1wiKqWfo1yXecHQMRf2l6hztTO+nPru658AyDngaBe7isIxEkRsPR3FZh+s7iVa4Uw=="
    },
    "node_modules/@jridgewell/trace-mapping": {
      "version": "0.3.15",
      "resolved": "https://registry.npmjs.org/@jridgewell/trace-mapping/-/trace-mapping-0.3.15.tgz",
      "integrity": "sha512-oWZNOULl+UbhsgB51uuZzglikfIKSUBO/M9W2OfEjn7cmqoAiCgmv9lyACTUacZwBz0ITnJ2NqjU8Tx0DHL88g==",
      "dependencies": {
        "@jridgewell/resolve-uri": "^3.0.3",
        "@jridgewell/sourcemap-codec": "^1.4.10"
      }
    },
    "node_modules/@types/node": {
      "version": "17.0.45",
      "dev": true,
      "license": "MIT"
    },
    "node_modules/@vitejs/plugin-vue": {
      "version": "3.1.2",
      "dev": true,
      "license": "MIT",
      "engines": {
        "node": "^14.18.0 || >=16.0.0"
      },
      "peerDependencies": {
        "vite": "^3.0.0",
        "vue": "^3.2.25"
      }
    },
    "node_modules/@volar/code-gen": {
      "version": "0.40.13",
      "dev": true,
      "license": "MIT",
      "dependencies": {
        "@volar/source-map": "0.40.13"
      }
    },
    "node_modules/@volar/source-map": {
      "version": "0.40.13",
      "dev": true,
      "license": "MIT",
      "dependencies": {
        "@vue/reactivity": "3.2.38"
      }
    },
    "node_modules/@volar/source-map/node_modules/@vue/reactivity": {
      "version": "3.2.38",
      "dev": true,
      "license": "MIT",
      "dependencies": {
        "@vue/shared": "3.2.38"
      }
    },
    "node_modules/@volar/source-map/node_modules/@vue/shared": {
      "version": "3.2.38",
      "dev": true,
      "license": "MIT"
    },
    "node_modules/@volar/typescript-faster": {
      "version": "0.40.13",
      "dev": true,
      "license": "MIT",
      "dependencies": {
        "semver": "^7.3.7"
      }
    },
    "node_modules/@volar/vue-language-core": {
      "version": "0.40.13",
      "dev": true,
      "license": "MIT",
      "dependencies": {
        "@volar/code-gen": "0.40.13",
        "@volar/source-map": "0.40.13",
        "@vue/compiler-core": "^3.2.38",
        "@vue/compiler-dom": "^3.2.38",
        "@vue/compiler-sfc": "^3.2.38",
        "@vue/reactivity": "^3.2.38",
        "@vue/shared": "^3.2.38"
      }
    },
    "node_modules/@volar/vue-typescript": {
      "version": "0.40.13",
      "dev": true,
      "license": "MIT",
      "dependencies": {
        "@volar/code-gen": "0.40.13",
        "@volar/typescript-faster": "0.40.13",
        "@volar/vue-language-core": "0.40.13"
      }
    },
    "node_modules/@vue/compiler-core": {
      "version": "3.2.40",
      "license": "MIT",
      "dependencies": {
        "@babel/parser": "^7.16.4",
        "@vue/shared": "3.2.40",
        "estree-walker": "^2.0.2",
        "source-map": "^0.6.1"
      }
    },
    "node_modules/@vue/compiler-dom": {
      "version": "3.2.40",
      "license": "MIT",
      "dependencies": {
        "@vue/compiler-core": "3.2.40",
        "@vue/shared": "3.2.40"
      }
    },
    "node_modules/@vue/compiler-sfc": {
      "version": "3.2.40",
      "license": "MIT",
      "dependencies": {
        "@babel/parser": "^7.16.4",
        "@vue/compiler-core": "3.2.40",
        "@vue/compiler-dom": "3.2.40",
        "@vue/compiler-ssr": "3.2.40",
        "@vue/reactivity-transform": "3.2.40",
        "@vue/shared": "3.2.40",
        "estree-walker": "^2.0.2",
        "magic-string": "^0.25.7",
        "postcss": "^8.1.10",
        "source-map": "^0.6.1"
      }
    },
    "node_modules/@vue/compiler-ssr": {
      "version": "3.2.40",
      "license": "MIT",
      "dependencies": {
        "@vue/compiler-dom": "3.2.40",
        "@vue/shared": "3.2.40"
      }
    },
    "node_modules/@vue/devtools-api": {
      "version": "6.4.3",
      "license": "MIT"
    },
    "node_modules/@vue/reactivity": {
      "version": "3.2.40",
      "license": "MIT",
      "dependencies": {
        "@vue/shared": "3.2.40"
      }
    },
    "node_modules/@vue/reactivity-transform": {
      "version": "3.2.40",
      "license": "MIT",
      "dependencies": {
        "@babel/parser": "^7.16.4",
        "@vue/compiler-core": "3.2.40",
        "@vue/shared": "3.2.40",
        "estree-walker": "^2.0.2",
        "magic-string": "^0.25.7"
      }
    },
    "node_modules/@vue/runtime-core": {
      "version": "3.2.40",
      "license": "MIT",
      "dependencies": {
        "@vue/reactivity": "3.2.40",
        "@vue/shared": "3.2.40"
      }
    },
    "node_modules/@vue/runtime-dom": {
      "version": "3.2.40",
      "license": "MIT",
      "dependencies": {
        "@vue/runtime-core": "3.2.40",
        "@vue/shared": "3.2.40",
        "csstype": "^2.6.8"
      }
    },
    "node_modules/@vue/server-renderer": {
      "version": "3.2.40",
      "license": "MIT",
      "dependencies": {
        "@vue/compiler-ssr": "3.2.40",
        "@vue/shared": "3.2.40"
      },
      "peerDependencies": {
        "vue": "3.2.40"
      }
    },
    "node_modules/@vue/shared": {
      "version": "3.2.40",
      "license": "MIT"
    },
    "node_modules/acorn": {
      "version": "8.8.0",
      "resolved": "https://registry.npmjs.org/acorn/-/acorn-8.8.0.tgz",
      "integrity": "sha512-QOxyigPVrpZ2GXT+PFyZTl6TtOFc5egxHIP9IlQ+RbupQuX4RkT/Bee4/kQuC02Xkzg84JcT7oLYtDIQxp+v7w==",
      "bin": {
        "acorn": "bin/acorn"
      },
      "engines": {
        "node": ">=0.4.0"
      }
    },
    "node_modules/anymatch": {
      "version": "3.1.2",
      "resolved": "https://registry.npmjs.org/anymatch/-/anymatch-3.1.2.tgz",
      "integrity": "sha512-P43ePfOAIupkguHUycrc4qJ9kz8ZiuOUijaETwX7THt0Y/GNK7v0aa8rY816xWjZ7rJdA5XdMcpVFTKMq+RvWg==",
      "dependencies": {
        "normalize-path": "^3.0.0",
        "picomatch": "^2.0.4"
      },
      "engines": {
        "node": ">= 8"
      }
    },
    "node_modules/axios": {
      "version": "0.24.0",
      "license": "MIT",
      "dependencies": {
        "follow-redirects": "^1.14.4"
      }
    },
    "node_modules/binary-extensions": {
      "version": "2.2.0",
      "resolved": "https://registry.npmjs.org/binary-extensions/-/binary-extensions-2.2.0.tgz",
      "integrity": "sha512-jDctJ/IVQbZoJykoeHbhXpOlNBqGNcwXJKJog42E5HDPUwQTSdjCHdihjj0DlnheQ7blbT6dHOafNAiS8ooQKA==",
      "engines": {
        "node": ">=8"
      }
    },
    "node_modules/braces": {
      "version": "3.0.2",
      "resolved": "https://registry.npmjs.org/braces/-/braces-3.0.2.tgz",
      "integrity": "sha512-b8um+L1RzM3WDSzvhm6gIz1yfTbBt6YTlcEKAvsmqCZZFw46z626lVj9j1yEPW33H5H+lBQpZMP1k8l+78Ha0A==",
      "dependencies": {
        "fill-range": "^7.0.1"
      },
      "engines": {
        "node": ">=8"
      }
    },
    "node_modules/buffer-from": {
      "version": "1.1.2",
      "resolved": "https://registry.npmjs.org/buffer-from/-/buffer-from-1.1.2.tgz",
      "integrity": "sha512-E+XQCRwSbaaiChtv6k6Dwgc+bx+Bs6vuKJHHl5kox/BaKbhiXzqQOwK4cO22yElGp2OCmjwVhT3HmxgyPGnJfQ=="
    },
    "node_modules/chokidar": {
      "version": "3.5.3",
      "resolved": "https://registry.npmjs.org/chokidar/-/chokidar-3.5.3.tgz",
      "integrity": "sha512-Dr3sfKRP6oTcjf2JmUmFJfeVMvXBdegxB0iVQ5eb2V10uFJUCAS8OByZdVAyVb8xXNz3GjjTgj9kLWsZTqE6kw==",
      "funding": [
        {
          "type": "individual",
          "url": "https://paulmillr.com/funding/"
        }
      ],
      "dependencies": {
        "anymatch": "~3.1.2",
        "braces": "~3.0.2",
        "glob-parent": "~5.1.2",
        "is-binary-path": "~2.1.0",
        "is-glob": "~4.0.1",
        "normalize-path": "~3.0.0",
        "readdirp": "~3.6.0"
      },
      "engines": {
        "node": ">= 8.10.0"
      },
      "optionalDependencies": {
        "fsevents": "~2.3.2"
      }
    },
    "node_modules/commander": {
      "version": "2.20.3",
      "resolved": "https://registry.npmjs.org/commander/-/commander-2.20.3.tgz",
      "integrity": "sha512-GpVkmM8vF2vQUkj2LvZmD35JxeJOLCwJ9cUkugyk2nuhbv3+mJvpLYYt+0+USMxE+oj+ey/lJEnhZw75x/OMcQ=="
    },
    "node_modules/csstype": {
      "version": "2.6.21",
      "license": "MIT"
    },
    "node_modules/esbuild": {
      "version": "0.15.10",
      "dev": true,
      "hasInstallScript": true,
      "license": "MIT",
      "bin": {
        "esbuild": "bin/esbuild"
      },
      "engines": {
        "node": ">=12"
      },
      "optionalDependencies": {
        "@esbuild/android-arm": "0.15.10",
        "@esbuild/linux-loong64": "0.15.10",
        "esbuild-android-64": "0.15.10",
        "esbuild-android-arm64": "0.15.10",
        "esbuild-darwin-64": "0.15.10",
        "esbuild-darwin-arm64": "0.15.10",
        "esbuild-freebsd-64": "0.15.10",
        "esbuild-freebsd-arm64": "0.15.10",
        "esbuild-linux-32": "0.15.10",
        "esbuild-linux-64": "0.15.10",
        "esbuild-linux-arm": "0.15.10",
        "esbuild-linux-arm64": "0.15.10",
        "esbuild-linux-mips64le": "0.15.10",
        "esbuild-linux-ppc64le": "0.15.10",
        "esbuild-linux-riscv64": "0.15.10",
        "esbuild-linux-s390x": "0.15.10",
        "esbuild-netbsd-64": "0.15.10",
        "esbuild-openbsd-64": "0.15.10",
        "esbuild-sunos-64": "0.15.10",
        "esbuild-windows-32": "0.15.10",
        "esbuild-windows-64": "0.15.10",
        "esbuild-windows-arm64": "0.15.10"
      }
    },
    "node_modules/esbuild-linux-64": {
      "version": "0.15.10",
      "cpu": [
        "x64"
      ],
      "dev": true,
      "license": "MIT",
      "optional": true,
      "os": [
        "linux"
      ],
      "engines": {
        "node": ">=12"
      }
    },
    "node_modules/estree-walker": {
      "version": "2.0.2",
      "license": "MIT"
    },
    "node_modules/fill-range": {
      "version": "7.0.1",
      "resolved": "https://registry.npmjs.org/fill-range/-/fill-range-7.0.1.tgz",
      "integrity": "sha512-qOo9F+dMUmC2Lcb4BbVvnKJxTPjCm+RRpe4gDuGrzkL7mEVl/djYSu2OdQ2Pa302N4oqkSg9ir6jaLWJ2USVpQ==",
      "dependencies": {
        "to-regex-range": "^5.0.1"
      },
      "engines": {
        "node": ">=8"
      }
    },
    "node_modules/follow-redirects": {
      "version": "1.15.2",
      "funding": [
        {
          "type": "individual",
          "url": "https://github.com/sponsors/RubenVerborgh"
        }
      ],
      "license": "MIT",
      "engines": {
        "node": ">=4.0"
      },
      "peerDependenciesMeta": {
        "debug": {
          "optional": true
        }
      }
    },
    "node_modules/fsevents": {
      "version": "2.3.2",
      "resolved": "https://registry.npmjs.org/fsevents/-/fsevents-2.3.2.tgz",
      "integrity": "sha512-xiqMQR4xAeHTuB9uWm+fFRcIOgKBMiOBP+eXiyT7jsgVCq1bkVygt00oASowB7EdtpOHaaPgKt812P9ab+DDKA==",
      "hasInstallScript": true,
      "optional": true,
      "os": [
        "darwin"
      ],
      "engines": {
        "node": "^8.16.0 || ^10.6.0 || >=11.0.0"
      }
    },
    "node_modules/function-bind": {
      "version": "1.1.1",
      "dev": true,
      "license": "MIT"
    },
    "node_modules/glob-parent": {
      "version": "5.1.2",
      "resolved": "https://registry.npmjs.org/glob-parent/-/glob-parent-5.1.2.tgz",
      "integrity": "sha512-AOIgSQCepiJYwP3ARnGx+5VnTu2HBYdzbGP45eLw1vr3zB3vZLeyed1sC9hnbcOc9/SrMyM5RPQrkGz4aS9Zow==",
      "dependencies": {
        "is-glob": "^4.0.1"
      },
      "engines": {
        "node": ">= 6"
      }
    },
    "node_modules/has": {
      "version": "1.0.3",
      "dev": true,
      "license": "MIT",
      "dependencies": {
        "function-bind": "^1.1.1"
      },
      "engines": {
        "node": ">= 0.4.0"
      }
    },
    "node_modules/immutable": {
      "version": "4.1.0",
      "resolved": "https://registry.npmjs.org/immutable/-/immutable-4.1.0.tgz",
      "integrity": "sha512-oNkuqVTA8jqG1Q6c+UglTOD1xhC1BtjKI7XkCXRkZHrN5m18/XsnUp8Q89GkQO/z+0WjonSvl0FLhDYftp46nQ=="
    },
    "node_modules/is-binary-path": {
      "version": "2.1.0",
      "resolved": "https://registry.npmjs.org/is-binary-path/-/is-binary-path-2.1.0.tgz",
      "integrity": "sha512-ZMERYes6pDydyuGidse7OsHxtbI7WVeUEozgR/g7rd0xUimYNlvZRE/K2MgZTjWy725IfelLeVcEM97mmtRGXw==",
      "dependencies": {
        "binary-extensions": "^2.0.0"
      },
      "engines": {
        "node": ">=8"
      }
    },
    "node_modules/is-core-module": {
      "version": "2.10.0",
      "dev": true,
      "license": "MIT",
      "dependencies": {
        "has": "^1.0.3"
      },
      "funding": {
        "url": "https://github.com/sponsors/ljharb"
      }
    },
    "node_modules/is-extglob": {
      "version": "2.1.1",
      "resolved": "https://registry.npmjs.org/is-extglob/-/is-extglob-2.1.1.tgz",
      "integrity": "sha512-SbKbANkN603Vi4jEZv49LeVJMn4yGwsbzZworEoyEiutsN3nJYdbO36zfhGJ6QEDpOZIFkDtnq5JRxmvl3jsoQ==",
      "engines": {
        "node": ">=0.10.0"
      }
    },
    "node_modules/is-glob": {
      "version": "4.0.3",
      "resolved": "https://registry.npmjs.org/is-glob/-/is-glob-4.0.3.tgz",
      "integrity": "sha512-xelSayHH36ZgE7ZWhli7pW34hNbNl8Ojv5KVmkJD4hBdD3th8Tfk9vYasLM+mXWOZhFkgZfxhLSnrwRr4elSSg==",
      "dependencies": {
        "is-extglob": "^2.1.1"
      },
      "engines": {
        "node": ">=0.10.0"
      }
    },
    "node_modules/is-number": {
      "version": "7.0.0",
      "resolved": "https://registry.npmjs.org/is-number/-/is-number-7.0.0.tgz",
      "integrity": "sha512-41Cifkg6e8TylSpdtTpeLVMqvSBEVzTttHvERD741+pnZ8ANv0004MRL43QKPDlK9cGvNp6NZWZUBlbGXYxxng==",
      "engines": {
        "node": ">=0.12.0"
      }
    },
    "node_modules/lru-cache": {
      "version": "6.0.0",
      "dev": true,
      "license": "ISC",
      "dependencies": {
        "yallist": "^4.0.0"
      },
      "engines": {
        "node": ">=10"
      }
    },
    "node_modules/magic-string": {
      "version": "0.25.9",
      "license": "MIT",
      "dependencies": {
        "sourcemap-codec": "^1.4.8"
      }
    },
    "node_modules/nanoid": {
      "version": "3.3.4",
      "license": "MIT",
      "bin": {
        "nanoid": "bin/nanoid.cjs"
      },
      "engines": {
        "node": "^10 || ^12 || ^13.7 || ^14 || >=15.0.1"
      }
    },
    "node_modules/normalize-path": {
      "version": "3.0.0",
      "resolved": "https://registry.npmjs.org/normalize-path/-/normalize-path-3.0.0.tgz",
      "integrity": "sha512-6eZs5Ls3WtCisHWp9S2GUy8dqkpGi4BVSz3GaqiE6ezub0512ESztXUwUB6C6IKbQkY2Pnb/mD4WYojCRwcwLA==",
      "engines": {
        "node": ">=0.10.0"
      }
    },
    "node_modules/path-parse": {
      "version": "1.0.7",
      "dev": true,
      "license": "MIT"
    },
    "node_modules/picocolors": {
      "version": "1.0.0",
      "license": "ISC"
    },
    "node_modules/picomatch": {
      "version": "2.3.1",
      "resolved": "https://registry.npmjs.org/picomatch/-/picomatch-2.3.1.tgz",
      "integrity": "sha512-JU3teHTNjmE2VCGFzuY8EXzCDVwEqB2a8fsIvwaStHhAWJEeVd1o1QD80CU6+ZdEXXSLbSsuLwJjkCBWqRQUVA==",
      "engines": {
        "node": ">=8.6"
      },
      "funding": {
        "url": "https://github.com/sponsors/jonschlinkert"
      }
    },
    "node_modules/pinia": {
      "version": "2.0.22",
      "license": "MIT",
      "dependencies": {
        "@vue/devtools-api": "^6.2.1",
        "vue-demi": "*"
      },
      "funding": {
        "url": "https://github.com/sponsors/posva"
      },
      "peerDependencies": {
        "@vue/composition-api": "^1.4.0",
        "typescript": ">=4.4.4",
        "vue": "^2.6.14 || ^3.2.0"
      },
      "peerDependenciesMeta": {
        "@vue/composition-api": {
          "optional": true
        },
        "typescript": {
          "optional": true
        }
      }
    },
    "node_modules/pinia/node_modules/vue-demi": {
      "version": "0.13.11",
      "hasInstallScript": true,
      "license": "MIT",
      "bin": {
        "vue-demi-fix": "bin/vue-demi-fix.js",
        "vue-demi-switch": "bin/vue-demi-switch.js"
      },
      "engines": {
        "node": ">=12"
      },
      "funding": {
        "url": "https://github.com/sponsors/antfu"
      },
      "peerDependencies": {
        "@vue/composition-api": "^1.0.0-rc.1",
        "vue": "^3.0.0-0 || ^2.6.0"
      },
      "peerDependenciesMeta": {
        "@vue/composition-api": {
          "optional": true
        }
      }
    },
    "node_modules/postcss": {
      "version": "8.4.17",
      "funding": [
        {
          "type": "opencollective",
          "url": "https://opencollective.com/postcss/"
        },
        {
          "type": "tidelift",
          "url": "https://tidelift.com/funding/github/npm/postcss"
        }
      ],
      "license": "MIT",
      "dependencies": {
        "nanoid": "^3.3.4",
        "picocolors": "^1.0.0",
        "source-map-js": "^1.0.2"
      },
      "engines": {
        "node": "^10 || ^12 || >=14"
      }
    },
    "node_modules/readdirp": {
      "version": "3.6.0",
      "resolved": "https://registry.npmjs.org/readdirp/-/readdirp-3.6.0.tgz",
      "integrity": "sha512-hOS089on8RduqdbhvQ5Z37A0ESjsqz6qnRcffsMU3495FuTdqSm+7bhJ29JvIOsBDEEnan5DPu9t3To9VRlMzA==",
      "dependencies": {
        "picomatch": "^2.2.1"
      },
      "engines": {
        "node": ">=8.10.0"
      }
    },
    "node_modules/reset-css": {
      "version": "5.0.1",
      "license": "Unlicense"
    },
    "node_modules/resolve": {
      "version": "1.22.1",
      "dev": true,
      "license": "MIT",
      "dependencies": {
        "is-core-module": "^2.9.0",
        "path-parse": "^1.0.7",
        "supports-preserve-symlinks-flag": "^1.0.0"
      },
      "bin": {
        "resolve": "bin/resolve"
      },
      "funding": {
        "url": "https://github.com/sponsors/ljharb"
      }
    },
    "node_modules/rollup": {
      "version": "2.78.1",
      "dev": true,
      "license": "MIT",
      "bin": {
        "rollup": "dist/bin/rollup"
      },
      "engines": {
        "node": ">=10.0.0"
      },
      "optionalDependencies": {
        "fsevents": "~2.3.2"
      }
    },
    "node_modules/sass": {
      "version": "1.55.0",
      "resolved": "https://registry.npmjs.org/sass/-/sass-1.55.0.tgz",
      "integrity": "sha512-Pk+PMy7OGLs9WaxZGJMn7S96dvlyVBwwtToX895WmCpAOr5YiJYEUJfiJidMuKb613z2xNWcXCHEuOvjZbqC6A==",
      "dependencies": {
        "chokidar": ">=3.0.0 <4.0.0",
        "immutable": "^4.0.0",
        "source-map-js": ">=0.6.2 <2.0.0"
      },
      "bin": {
        "sass": "sass.js"
      },
      "engines": {
        "node": ">=12.0.0"
      }
    },
    "node_modules/semver": {
      "version": "7.3.8",
      "dev": true,
      "license": "ISC",
      "dependencies": {
        "lru-cache": "^6.0.0"
      },
      "bin": {
        "semver": "bin/semver.js"
      },
      "engines": {
        "node": ">=10"
      }
    },
    "node_modules/source-map": {
      "version": "0.6.1",
      "license": "BSD-3-Clause",
      "engines": {
        "node": ">=0.10.0"
      }
    },
    "node_modules/source-map-js": {
      "version": "1.0.2",
      "license": "BSD-3-Clause",
      "engines": {
        "node": ">=0.10.0"
      }
    },
    "node_modules/source-map-support": {
      "version": "0.5.21",
      "resolved": "https://registry.npmjs.org/source-map-support/-/source-map-support-0.5.21.tgz",
      "integrity": "sha512-uBHU3L3czsIyYXKX88fdrGovxdSCoTGDRZ6SYXtSRxLZUzHg5P/66Ht6uoUlHu9EZod+inXhKo3qQgwXUT/y1w==",
      "dependencies": {
        "buffer-from": "^1.0.0",
        "source-map": "^0.6.0"
      }
    },
    "node_modules/sourcemap-codec": {
      "version": "1.4.8",
      "license": "MIT"
    },
    "node_modules/supports-preserve-symlinks-flag": {
      "version": "1.0.0",
      "dev": true,
      "license": "MIT",
      "engines": {
        "node": ">= 0.4"
      },
      "funding": {
        "url": "https://github.com/sponsors/ljharb"
      }
    },
    "node_modules/terser": {
      "version": "5.15.1",
      "resolved": "https://registry.npmjs.org/terser/-/terser-5.15.1.tgz",
      "integrity": "sha512-K1faMUvpm/FBxjBXud0LWVAGxmvoPbZbfTCYbSgaaYQaIXI3/TdI7a7ZGA73Zrou6Q8Zmz3oeUTsp/dj+ag2Xw==",
      "dependencies": {
        "@jridgewell/source-map": "^0.3.2",
        "acorn": "^8.5.0",
        "commander": "^2.20.0",
        "source-map-support": "~0.5.20"
      },
      "bin": {
        "terser": "bin/terser"
      },
      "engines": {
        "node": ">=10"
      }
    },
    "node_modules/to-regex-range": {
      "version": "5.0.1",
      "resolved": "https://registry.npmjs.org/to-regex-range/-/to-regex-range-5.0.1.tgz",
      "integrity": "sha512-65P7iz6X5yEr1cwcgvQxbbIw7Uk3gOy5dIdtZ4rDveLqhrdJP+Li/Hx6tyK0NEb+2GCyneCMJiGqrADCSNk8sQ==",
      "dependencies": {
        "is-number": "^7.0.0"
      },
      "engines": {
        "node": ">=8.0"
      }
    },
    "node_modules/typescript": {
      "version": "4.8.4",
      "devOptional": true,
      "license": "Apache-2.0",
      "bin": {
        "tsc": "bin/tsc",
        "tsserver": "bin/tsserver"
      },
      "engines": {
        "node": ">=4.2.0"
      }
    },
    "node_modules/unique-names-generator": {
      "version": "4.7.1",
      "license": "MIT",
      "engines": {
        "node": ">=8"
      }
    },
    "node_modules/vite": {
      "version": "3.1.6",
      "dev": true,
      "license": "MIT",
      "dependencies": {
        "esbuild": "^0.15.9",
        "postcss": "^8.4.16",
        "resolve": "^1.22.1",
        "rollup": "~2.78.0"
      },
      "bin": {
        "vite": "bin/vite.js"
      },
      "engines": {
        "node": "^14.18.0 || >=16.0.0"
      },
      "optionalDependencies": {
        "fsevents": "~2.3.2"
      },
      "peerDependencies": {
        "less": "*",
        "sass": "*",
        "stylus": "*",
        "terser": "^5.4.0"
      },
      "peerDependenciesMeta": {
        "less": {
          "optional": true
        },
        "sass": {
          "optional": true
        },
        "stylus": {
          "optional": true
        },
        "terser": {
          "optional": true
        }
      }
    },
    "node_modules/vue": {
      "version": "3.2.40",
      "license": "MIT",
      "dependencies": {
        "@vue/compiler-dom": "3.2.40",
        "@vue/compiler-sfc": "3.2.40",
        "@vue/runtime-dom": "3.2.40",
        "@vue/server-renderer": "3.2.40",
        "@vue/shared": "3.2.40"
      }
    },
    "node_modules/vue-router": {
      "version": "4.1.5",
      "license": "MIT",
      "dependencies": {
        "@vue/devtools-api": "^6.1.4"
      },
      "funding": {
        "url": "https://github.com/sponsors/posva"
      },
      "peerDependencies": {
        "vue": "^3.2.0"
      }
    },
    "node_modules/vue-tsc": {
      "version": "0.40.13",
      "dev": true,
      "license": "MIT",
      "dependencies": {
        "@volar/vue-language-core": "0.40.13",
        "@volar/vue-typescript": "0.40.13"
      },
      "bin": {
        "vue-tsc": "bin/vue-tsc.js"
      },
      "peerDependencies": {
        "typescript": "*"
      }
    },
    "node_modules/vue-virtual-collection": {
      "version": "1.5.0",
      "license": "MIT"
    },
    "node_modules/vue3-toggle-button": {
      "version": "1.0.3",
      "resolved": "https://registry.npmjs.org/vue3-toggle-button/-/vue3-toggle-button-1.0.3.tgz",
      "integrity": "sha512-EM+saN3vF5DH4uhvfGKMyEKSSqgRakVBX8oCOCNkSnejSPhFaJk/Vh0nvRmxphqiuM4WEomK70aqmHwyEQsg4g==",
      "dependencies": {
        "sass": "^1.53.0",
        "terser": "^5.14.1"
      },
      "peerDependencies": {
        "vue": "^3.2.37"
      }
    },
    "node_modules/yallist": {
      "version": "4.0.0",
      "dev": true,
      "license": "ISC"
    }
  },
  "dependencies": {
    "@babel/parser": {
      "version": "7.19.3"
    },
    "@fortawesome/fontawesome-common-types": {
      "version": "0.2.36"
    },
    "@fortawesome/fontawesome-svg-core": {
      "version": "1.2.36",
      "requires": {
        "@fortawesome/fontawesome-common-types": "^0.2.36"
      }
    },
    "@fortawesome/free-solid-svg-icons": {
      "version": "5.15.4",
      "requires": {
        "@fortawesome/fontawesome-common-types": "^0.2.36"
      }
    },
    "@fortawesome/vue-fontawesome": {
      "version": "3.0.1",
      "resolved": "https://registry.npmjs.org/@fortawesome/vue-fontawesome/-/vue-fontawesome-3.0.1.tgz",
      "integrity": "sha512-CdXZJoCS+aEPec26ZP7hWWU3SaJlQPZSCGdgpQ2qGl2HUmtUUNrI3zC4XWdn1JUmh3t5OuDeRG1qB4eGRNSD4A==",
      "requires": {}
    },
    "@jridgewell/gen-mapping": {
      "version": "0.3.2",
      "resolved": "https://registry.npmjs.org/@jridgewell/gen-mapping/-/gen-mapping-0.3.2.tgz",
      "integrity": "sha512-mh65xKQAzI6iBcFzwv28KVWSmCkdRBWoOh+bYQGW3+6OZvbbN3TqMGo5hqYxQniRcH9F2VZIoJCm4pa3BPDK/A==",
      "requires": {
        "@jridgewell/set-array": "^1.0.1",
        "@jridgewell/sourcemap-codec": "^1.4.10",
        "@jridgewell/trace-mapping": "^0.3.9"
      }
    },
    "@jridgewell/resolve-uri": {
      "version": "3.1.0",
      "resolved": "https://registry.npmjs.org/@jridgewell/resolve-uri/-/resolve-uri-3.1.0.tgz",
      "integrity": "sha512-F2msla3tad+Mfht5cJq7LSXcdudKTWCVYUgw6pLFOOHSTtZlj6SWNYAp+AhuqLmWdBO2X5hPrLcu8cVP8fy28w=="
    },
    "@jridgewell/set-array": {
      "version": "1.1.2",
      "resolved": "https://registry.npmjs.org/@jridgewell/set-array/-/set-array-1.1.2.tgz",
      "integrity": "sha512-xnkseuNADM0gt2bs+BvhO0p78Mk762YnZdsuzFV018NoG1Sj1SCQvpSqa7XUaTam5vAGasABV9qXASMKnFMwMw=="
    },
    "@jridgewell/source-map": {
      "version": "0.3.2",
      "resolved": "https://registry.npmjs.org/@jridgewell/source-map/-/source-map-0.3.2.tgz",
      "integrity": "sha512-m7O9o2uR8k2ObDysZYzdfhb08VuEml5oWGiosa1VdaPZ/A6QyPkAJuwN0Q1lhULOf6B7MtQmHENS743hWtCrgw==",
      "requires": {
        "@jridgewell/gen-mapping": "^0.3.0",
        "@jridgewell/trace-mapping": "^0.3.9"
      }
    },
    "@jridgewell/sourcemap-codec": {
      "version": "1.4.14",
      "resolved": "https://registry.npmjs.org/@jridgewell/sourcemap-codec/-/sourcemap-codec-1.4.14.tgz",
      "integrity": "sha512-XPSJHWmi394fuUuzDnGz1wiKqWfo1yXecHQMRf2l6hztTO+nPru658AyDngaBe7isIxEkRsPR3FZh+s7iVa4Uw=="
    },
    "@jridgewell/trace-mapping": {
      "version": "0.3.15",
      "resolved": "https://registry.npmjs.org/@jridgewell/trace-mapping/-/trace-mapping-0.3.15.tgz",
      "integrity": "sha512-oWZNOULl+UbhsgB51uuZzglikfIKSUBO/M9W2OfEjn7cmqoAiCgmv9lyACTUacZwBz0ITnJ2NqjU8Tx0DHL88g==",
      "requires": {
        "@jridgewell/resolve-uri": "^3.0.3",
        "@jridgewell/sourcemap-codec": "^1.4.10"
      }
    },
    "@types/node": {
      "version": "17.0.45",
      "dev": true
    },
    "@vitejs/plugin-vue": {
      "version": "3.1.2",
      "dev": true,
      "requires": {}
    },
    "@volar/code-gen": {
      "version": "0.40.13",
      "dev": true,
      "requires": {
        "@volar/source-map": "0.40.13"
      }
    },
    "@volar/source-map": {
      "version": "0.40.13",
      "dev": true,
      "requires": {
        "@vue/reactivity": "3.2.38"
      },
      "dependencies": {
        "@vue/reactivity": {
          "version": "3.2.38",
          "dev": true,
          "requires": {
            "@vue/shared": "3.2.38"
          }
        },
        "@vue/shared": {
          "version": "3.2.38",
          "dev": true
        }
      }
    },
    "@volar/typescript-faster": {
      "version": "0.40.13",
      "dev": true,
      "requires": {
        "semver": "^7.3.7"
      }
    },
    "@volar/vue-language-core": {
      "version": "0.40.13",
      "dev": true,
      "requires": {
        "@volar/code-gen": "0.40.13",
        "@volar/source-map": "0.40.13",
        "@vue/compiler-core": "^3.2.38",
        "@vue/compiler-dom": "^3.2.38",
        "@vue/compiler-sfc": "^3.2.38",
        "@vue/reactivity": "^3.2.38",
        "@vue/shared": "^3.2.38"
      }
    },
    "@volar/vue-typescript": {
      "version": "0.40.13",
      "dev": true,
      "requires": {
        "@volar/code-gen": "0.40.13",
        "@volar/typescript-faster": "0.40.13",
        "@volar/vue-language-core": "0.40.13"
      }
    },
    "@vue/compiler-core": {
      "version": "3.2.40",
      "requires": {
        "@babel/parser": "^7.16.4",
        "@vue/shared": "3.2.40",
        "estree-walker": "^2.0.2",
        "source-map": "^0.6.1"
      }
    },
    "@vue/compiler-dom": {
      "version": "3.2.40",
      "requires": {
        "@vue/compiler-core": "3.2.40",
        "@vue/shared": "3.2.40"
      }
    },
    "@vue/compiler-sfc": {
      "version": "3.2.40",
      "requires": {
        "@babel/parser": "^7.16.4",
        "@vue/compiler-core": "3.2.40",
        "@vue/compiler-dom": "3.2.40",
        "@vue/compiler-ssr": "3.2.40",
        "@vue/reactivity-transform": "3.2.40",
        "@vue/shared": "3.2.40",
        "estree-walker": "^2.0.2",
        "magic-string": "^0.25.7",
        "postcss": "^8.1.10",
        "source-map": "^0.6.1"
      }
    },
    "@vue/compiler-ssr": {
      "version": "3.2.40",
      "requires": {
        "@vue/compiler-dom": "3.2.40",
        "@vue/shared": "3.2.40"
      }
    },
    "@vue/devtools-api": {
      "version": "6.4.3"
    },
    "@vue/reactivity": {
      "version": "3.2.40",
      "requires": {
        "@vue/shared": "3.2.40"
      }
    },
    "@vue/reactivity-transform": {
      "version": "3.2.40",
      "requires": {
        "@babel/parser": "^7.16.4",
        "@vue/compiler-core": "3.2.40",
        "@vue/shared": "3.2.40",
        "estree-walker": "^2.0.2",
        "magic-string": "^0.25.7"
      }
    },
    "@vue/runtime-core": {
      "version": "3.2.40",
      "requires": {
        "@vue/reactivity": "3.2.40",
        "@vue/shared": "3.2.40"
      }
    },
    "@vue/runtime-dom": {
      "version": "3.2.40",
      "requires": {
        "@vue/runtime-core": "3.2.40",
        "@vue/shared": "3.2.40",
        "csstype": "^2.6.8"
      }
    },
    "@vue/server-renderer": {
      "version": "3.2.40",
      "requires": {
        "@vue/compiler-ssr": "3.2.40",
        "@vue/shared": "3.2.40"
      }
    },
    "@vue/shared": {
      "version": "3.2.40"
    },
    "acorn": {
      "version": "8.8.0",
      "resolved": "https://registry.npmjs.org/acorn/-/acorn-8.8.0.tgz",
      "integrity": "sha512-QOxyigPVrpZ2GXT+PFyZTl6TtOFc5egxHIP9IlQ+RbupQuX4RkT/Bee4/kQuC02Xkzg84JcT7oLYtDIQxp+v7w=="
    },
    "anymatch": {
      "version": "3.1.2",
      "resolved": "https://registry.npmjs.org/anymatch/-/anymatch-3.1.2.tgz",
      "integrity": "sha512-P43ePfOAIupkguHUycrc4qJ9kz8ZiuOUijaETwX7THt0Y/GNK7v0aa8rY816xWjZ7rJdA5XdMcpVFTKMq+RvWg==",
      "requires": {
        "normalize-path": "^3.0.0",
        "picomatch": "^2.0.4"
      }
    },
    "axios": {
      "version": "0.24.0",
      "requires": {
        "follow-redirects": "^1.14.4"
      }
    },
    "binary-extensions": {
      "version": "2.2.0",
      "resolved": "https://registry.npmjs.org/binary-extensions/-/binary-extensions-2.2.0.tgz",
      "integrity": "sha512-jDctJ/IVQbZoJykoeHbhXpOlNBqGNcwXJKJog42E5HDPUwQTSdjCHdihjj0DlnheQ7blbT6dHOafNAiS8ooQKA=="
    },
    "braces": {
      "version": "3.0.2",
      "resolved": "https://registry.npmjs.org/braces/-/braces-3.0.2.tgz",
      "integrity": "sha512-b8um+L1RzM3WDSzvhm6gIz1yfTbBt6YTlcEKAvsmqCZZFw46z626lVj9j1yEPW33H5H+lBQpZMP1k8l+78Ha0A==",
      "requires": {
        "fill-range": "^7.0.1"
      }
    },
    "buffer-from": {
      "version": "1.1.2",
      "resolved": "https://registry.npmjs.org/buffer-from/-/buffer-from-1.1.2.tgz",
      "integrity": "sha512-E+XQCRwSbaaiChtv6k6Dwgc+bx+Bs6vuKJHHl5kox/BaKbhiXzqQOwK4cO22yElGp2OCmjwVhT3HmxgyPGnJfQ=="
    },
    "chokidar": {
      "version": "3.5.3",
      "resolved": "https://registry.npmjs.org/chokidar/-/chokidar-3.5.3.tgz",
      "integrity": "sha512-Dr3sfKRP6oTcjf2JmUmFJfeVMvXBdegxB0iVQ5eb2V10uFJUCAS8OByZdVAyVb8xXNz3GjjTgj9kLWsZTqE6kw==",
      "requires": {
        "anymatch": "~3.1.2",
        "braces": "~3.0.2",
        "fsevents": "~2.3.2",
        "glob-parent": "~5.1.2",
        "is-binary-path": "~2.1.0",
        "is-glob": "~4.0.1",
        "normalize-path": "~3.0.0",
        "readdirp": "~3.6.0"
      }
    },
    "commander": {
      "version": "2.20.3",
      "resolved": "https://registry.npmjs.org/commander/-/commander-2.20.3.tgz",
      "integrity": "sha512-GpVkmM8vF2vQUkj2LvZmD35JxeJOLCwJ9cUkugyk2nuhbv3+mJvpLYYt+0+USMxE+oj+ey/lJEnhZw75x/OMcQ=="
    },
    "csstype": {
      "version": "2.6.21"
    },
    "esbuild": {
      "version": "0.15.10",
      "dev": true,
      "requires": {
        "@esbuild/android-arm": "0.15.10",
        "@esbuild/linux-loong64": "0.15.10",
        "esbuild-android-64": "0.15.10",
        "esbuild-android-arm64": "0.15.10",
        "esbuild-darwin-64": "0.15.10",
        "esbuild-darwin-arm64": "0.15.10",
        "esbuild-freebsd-64": "0.15.10",
        "esbuild-freebsd-arm64": "0.15.10",
        "esbuild-linux-32": "0.15.10",
        "esbuild-linux-64": "0.15.10",
        "esbuild-linux-arm": "0.15.10",
        "esbuild-linux-arm64": "0.15.10",
        "esbuild-linux-mips64le": "0.15.10",
        "esbuild-linux-ppc64le": "0.15.10",
        "esbuild-linux-riscv64": "0.15.10",
        "esbuild-linux-s390x": "0.15.10",
        "esbuild-netbsd-64": "0.15.10",
        "esbuild-openbsd-64": "0.15.10",
        "esbuild-sunos-64": "0.15.10",
        "esbuild-windows-32": "0.15.10",
        "esbuild-windows-64": "0.15.10",
        "esbuild-windows-arm64": "0.15.10"
      }
    },
    "esbuild-linux-64": {
      "version": "0.15.10",
      "dev": true,
      "optional": true
    },
    "estree-walker": {
      "version": "2.0.2"
    },
    "fill-range": {
      "version": "7.0.1",
      "resolved": "https://registry.npmjs.org/fill-range/-/fill-range-7.0.1.tgz",
      "integrity": "sha512-qOo9F+dMUmC2Lcb4BbVvnKJxTPjCm+RRpe4gDuGrzkL7mEVl/djYSu2OdQ2Pa302N4oqkSg9ir6jaLWJ2USVpQ==",
      "requires": {
        "to-regex-range": "^5.0.1"
      }
    },
    "follow-redirects": {
      "version": "1.15.2"
    },
    "fsevents": {
      "version": "2.3.2",
      "resolved": "https://registry.npmjs.org/fsevents/-/fsevents-2.3.2.tgz",
      "integrity": "sha512-xiqMQR4xAeHTuB9uWm+fFRcIOgKBMiOBP+eXiyT7jsgVCq1bkVygt00oASowB7EdtpOHaaPgKt812P9ab+DDKA==",
      "optional": true
    },
    "function-bind": {
      "version": "1.1.1",
      "dev": true
    },
    "glob-parent": {
      "version": "5.1.2",
      "resolved": "https://registry.npmjs.org/glob-parent/-/glob-parent-5.1.2.tgz",
      "integrity": "sha512-AOIgSQCepiJYwP3ARnGx+5VnTu2HBYdzbGP45eLw1vr3zB3vZLeyed1sC9hnbcOc9/SrMyM5RPQrkGz4aS9Zow==",
      "requires": {
        "is-glob": "^4.0.1"
      }
    },
    "has": {
      "version": "1.0.3",
      "dev": true,
      "requires": {
        "function-bind": "^1.1.1"
      }
    },
    "immutable": {
      "version": "4.1.0",
      "resolved": "https://registry.npmjs.org/immutable/-/immutable-4.1.0.tgz",
      "integrity": "sha512-oNkuqVTA8jqG1Q6c+UglTOD1xhC1BtjKI7XkCXRkZHrN5m18/XsnUp8Q89GkQO/z+0WjonSvl0FLhDYftp46nQ=="
    },
    "is-binary-path": {
      "version": "2.1.0",
      "resolved": "https://registry.npmjs.org/is-binary-path/-/is-binary-path-2.1.0.tgz",
      "integrity": "sha512-ZMERYes6pDydyuGidse7OsHxtbI7WVeUEozgR/g7rd0xUimYNlvZRE/K2MgZTjWy725IfelLeVcEM97mmtRGXw==",
      "requires": {
        "binary-extensions": "^2.0.0"
      }
    },
    "is-core-module": {
      "version": "2.10.0",
      "dev": true,
      "requires": {
        "has": "^1.0.3"
      }
    },
    "is-extglob": {
      "version": "2.1.1",
      "resolved": "https://registry.npmjs.org/is-extglob/-/is-extglob-2.1.1.tgz",
      "integrity": "sha512-SbKbANkN603Vi4jEZv49LeVJMn4yGwsbzZworEoyEiutsN3nJYdbO36zfhGJ6QEDpOZIFkDtnq5JRxmvl3jsoQ=="
    },
    "is-glob": {
      "version": "4.0.3",
      "resolved": "https://registry.npmjs.org/is-glob/-/is-glob-4.0.3.tgz",
      "integrity": "sha512-xelSayHH36ZgE7ZWhli7pW34hNbNl8Ojv5KVmkJD4hBdD3th8Tfk9vYasLM+mXWOZhFkgZfxhLSnrwRr4elSSg==",
      "requires": {
        "is-extglob": "^2.1.1"
      }
    },
    "is-number": {
      "version": "7.0.0",
      "resolved": "https://registry.npmjs.org/is-number/-/is-number-7.0.0.tgz",
      "integrity": "sha512-41Cifkg6e8TylSpdtTpeLVMqvSBEVzTttHvERD741+pnZ8ANv0004MRL43QKPDlK9cGvNp6NZWZUBlbGXYxxng=="
    },
    "lru-cache": {
      "version": "6.0.0",
      "dev": true,
      "requires": {
        "yallist": "^4.0.0"
      }
    },
    "magic-string": {
      "version": "0.25.9",
      "requires": {
        "sourcemap-codec": "^1.4.8"
      }
    },
    "nanoid": {
      "version": "3.3.4"
    },
    "normalize-path": {
      "version": "3.0.0",
      "resolved": "https://registry.npmjs.org/normalize-path/-/normalize-path-3.0.0.tgz",
      "integrity": "sha512-6eZs5Ls3WtCisHWp9S2GUy8dqkpGi4BVSz3GaqiE6ezub0512ESztXUwUB6C6IKbQkY2Pnb/mD4WYojCRwcwLA=="
    },
    "path-parse": {
      "version": "1.0.7",
      "dev": true
    },
    "picocolors": {
      "version": "1.0.0"
    },
    "picomatch": {
      "version": "2.3.1",
      "resolved": "https://registry.npmjs.org/picomatch/-/picomatch-2.3.1.tgz",
      "integrity": "sha512-JU3teHTNjmE2VCGFzuY8EXzCDVwEqB2a8fsIvwaStHhAWJEeVd1o1QD80CU6+ZdEXXSLbSsuLwJjkCBWqRQUVA=="
    },
    "pinia": {
      "version": "2.0.22",
      "requires": {
        "@vue/devtools-api": "^6.2.1",
        "vue-demi": "*"
      },
      "dependencies": {
        "vue-demi": {
          "version": "0.13.11",
          "requires": {}
        }
      }
    },
    "postcss": {
      "version": "8.4.17",
      "requires": {
        "nanoid": "^3.3.4",
        "picocolors": "^1.0.0",
        "source-map-js": "^1.0.2"
      }
    },
    "readdirp": {
      "version": "3.6.0",
      "resolved": "https://registry.npmjs.org/readdirp/-/readdirp-3.6.0.tgz",
      "integrity": "sha512-hOS089on8RduqdbhvQ5Z37A0ESjsqz6qnRcffsMU3495FuTdqSm+7bhJ29JvIOsBDEEnan5DPu9t3To9VRlMzA==",
      "requires": {
        "picomatch": "^2.2.1"
      }
    },
    "reset-css": {
      "version": "5.0.1"
    },
    "resolve": {
      "version": "1.22.1",
      "dev": true,
      "requires": {
        "is-core-module": "^2.9.0",
        "path-parse": "^1.0.7",
        "supports-preserve-symlinks-flag": "^1.0.0"
      }
    },
    "rollup": {
      "version": "2.78.1",
      "dev": true,
      "requires": {
        "fsevents": "~2.3.2"
      }
    },
    "sass": {
      "version": "1.55.0",
      "resolved": "https://registry.npmjs.org/sass/-/sass-1.55.0.tgz",
      "integrity": "sha512-Pk+PMy7OGLs9WaxZGJMn7S96dvlyVBwwtToX895WmCpAOr5YiJYEUJfiJidMuKb613z2xNWcXCHEuOvjZbqC6A==",
      "requires": {
        "chokidar": ">=3.0.0 <4.0.0",
        "immutable": "^4.0.0",
        "source-map-js": ">=0.6.2 <2.0.0"
      }
    },
    "semver": {
      "version": "7.3.8",
      "dev": true,
      "requires": {
        "lru-cache": "^6.0.0"
      }
    },
    "source-map": {
      "version": "0.6.1"
    },
    "source-map-js": {
      "version": "1.0.2"
    },
    "source-map-support": {
      "version": "0.5.21",
      "resolved": "https://registry.npmjs.org/source-map-support/-/source-map-support-0.5.21.tgz",
      "integrity": "sha512-uBHU3L3czsIyYXKX88fdrGovxdSCoTGDRZ6SYXtSRxLZUzHg5P/66Ht6uoUlHu9EZod+inXhKo3qQgwXUT/y1w==",
      "requires": {
        "buffer-from": "^1.0.0",
        "source-map": "^0.6.0"
      }
    },
    "sourcemap-codec": {
      "version": "1.4.8"
    },
    "supports-preserve-symlinks-flag": {
      "version": "1.0.0",
      "dev": true
    },
    "terser": {
      "version": "5.15.1",
      "resolved": "https://registry.npmjs.org/terser/-/terser-5.15.1.tgz",
      "integrity": "sha512-K1faMUvpm/FBxjBXud0LWVAGxmvoPbZbfTCYbSgaaYQaIXI3/TdI7a7ZGA73Zrou6Q8Zmz3oeUTsp/dj+ag2Xw==",
      "requires": {
        "@jridgewell/source-map": "^0.3.2",
        "acorn": "^8.5.0",
        "commander": "^2.20.0",
        "source-map-support": "~0.5.20"
      }
    },
    "to-regex-range": {
      "version": "5.0.1",
      "resolved": "https://registry.npmjs.org/to-regex-range/-/to-regex-range-5.0.1.tgz",
      "integrity": "sha512-65P7iz6X5yEr1cwcgvQxbbIw7Uk3gOy5dIdtZ4rDveLqhrdJP+Li/Hx6tyK0NEb+2GCyneCMJiGqrADCSNk8sQ==",
      "requires": {
        "is-number": "^7.0.0"
      }
    },
    "typescript": {
      "version": "4.8.4",
      "devOptional": true
    },
    "unique-names-generator": {
      "version": "4.7.1"
    },
    "vite": {
      "version": "3.1.6",
      "dev": true,
      "requires": {
        "esbuild": "^0.15.9",
        "fsevents": "~2.3.2",
        "postcss": "^8.4.16",
        "resolve": "^1.22.1",
        "rollup": "~2.78.0"
      }
    },
    "vue": {
      "version": "3.2.40",
      "requires": {
        "@vue/compiler-dom": "3.2.40",
        "@vue/compiler-sfc": "3.2.40",
        "@vue/runtime-dom": "3.2.40",
        "@vue/server-renderer": "3.2.40",
        "@vue/shared": "3.2.40"
      }
    },
    "vue-router": {
      "version": "4.1.5",
      "requires": {
        "@vue/devtools-api": "^6.1.4"
      }
    },
    "vue-tsc": {
      "version": "0.40.13",
      "dev": true,
      "requires": {
        "@volar/vue-language-core": "0.40.13",
        "@volar/vue-typescript": "0.40.13"
      }
    },
    "vue-virtual-collection": {
      "version": "1.5.0"
    },
    "vue3-toggle-button": {
      "version": "1.0.3",
      "resolved": "https://registry.npmjs.org/vue3-toggle-button/-/vue3-toggle-button-1.0.3.tgz",
      "integrity": "sha512-EM+saN3vF5DH4uhvfGKMyEKSSqgRakVBX8oCOCNkSnejSPhFaJk/Vh0nvRmxphqiuM4WEomK70aqmHwyEQsg4g==",
      "requires": {
        "sass": "^1.53.0",
        "terser": "^5.14.1"
      }
    },
    "yallist": {
      "version": "4.0.0",
      "dev": true
    }
  }
}
